{
  "version": 4,
  "terraform_version": "1.2.9",
  "serial": 121,
  "lineage": "d976454d-17d7-fdcd-3b99-81c10207fc8d",
  "outputs": {},
  "resources": [
    {
      "mode": "managed",
      "type": "google_composer_environment",
      "name": "composer_environment",
      "provider": "provider[\"registry.terraform.io/hashicorp/google-beta\"]",
      "instances": [
        {
          "schema_version": 0,
          "attributes": {
            "config": [
              {
                "airflow_uri": "https://088fa0b980384eccb7a1f5e0b306b5c6-dot-us-central1.composer.googleusercontent.com",
                "dag_gcs_prefix": "gs://us-central1-compose-the-ros-322ce800-bucket/dags",
                "database_config": [],
                "encryption_config": [
                  {
                    "kms_key_name": ""
                  }
                ],
                "environment_size": "ENVIRONMENT_SIZE_SMALL",
                "gke_cluster": "projects/gilbert-learning-gcp-113/locations/us-central1/clusters/us-central1-compose-the-ros-322ce800-gke",
                "maintenance_window": [
                  {
                    "end_time": "1970-01-01T04:00:00Z",
                    "recurrence": "FREQ=WEEKLY;BYDAY=FR,SA,SU",
                    "start_time": "1970-01-01T00:00:00Z"
                  }
                ],
                "master_authorized_networks_config": [],
                "node_config": [
                  {
                    "disk_size_gb": 0,
                    "enable_ip_masq_agent": false,
                    "ip_allocation_policy": [
                      {
                        "cluster_ipv4_cidr_block": "",
                        "cluster_secondary_range_name": "",
                        "services_ipv4_cidr_block": "",
                        "services_secondary_range_name": "",
                        "use_ip_aliases": false
                      }
                    ],
                    "machine_type": "",
                    "max_pods_per_node": 0,
                    "network": "projects/gilbert-learning-gcp-113/global/networks/default",
                    "oauth_scopes": [],
                    "service_account": "airflow-service-account@gilbert-learning-gcp-113.iam.gserviceaccount.com",
                    "subnetwork": "",
                    "tags": [],
                    "zone": ""
                  }
                ],
                "node_count": 0,
                "private_environment_config": [
                  {
                    "cloud_composer_connection_subnetwork": "",
                    "cloud_composer_network_ipv4_cidr_block": "172.31.245.0/24",
                    "cloud_sql_ipv4_cidr_block": "10.0.0.0/12",
                    "enable_private_endpoint": false,
                    "enable_privately_used_public_ips": false,
                    "master_ipv4_cidr_block": "",
                    "web_server_ipv4_cidr_block": ""
                  }
                ],
                "software_config": [
                  {
                    "airflow_config_overrides": {},
                    "env_variables": {},
                    "image_version": "composer-2.0.26-airflow-2.2.5",
                    "pypi_packages": {},
                    "python_version": "",
                    "scheduler_count": 0
                  }
                ],
                "web_server_config": [],
                "web_server_network_access_control": [
                  {
                    "allowed_ip_range": [
                      {
                        "description": "Allows access from all IPv4 addresses (default value)",
                        "value": "0.0.0.0/0"
                      },
                      {
                        "description": "Allows access from all IPv6 addresses (default value)",
                        "value": "::0/0"
                      }
                    ]
                  }
                ],
                "workloads_config": [
                  {
                    "scheduler": [
                      {
                        "count": 1,
                        "cpu": 0.5,
                        "memory_gb": 1.875,
                        "storage_gb": 1
                      }
                    ],
                    "web_server": [
                      {
                        "cpu": 0.5,
                        "memory_gb": 1.875,
                        "storage_gb": 1
                      }
                    ],
                    "worker": [
                      {
                        "cpu": 0.5,
                        "max_count": 3,
                        "memory_gb": 1.875,
                        "min_count": 1,
                        "storage_gb": 1
                      }
                    ]
                  }
                ]
              }
            ],
            "id": "projects/gilbert-learning-gcp-113/locations/us-central1/environments/compose-the-rose",
            "labels": {},
            "name": "compose-the-rose",
            "project": "gilbert-learning-gcp-113",
            "region": "us-central1",
            "timeouts": null
          },
          "sensitive_attributes": [],
          "private": "eyJlMmJmYjczMC1lY2FhLTExZTYtOGY4OC0zNDM2M2JjN2M0YzAiOnsiY3JlYXRlIjo3MjAwMDAwMDAwMDAwLCJkZWxldGUiOjE4MDAwMDAwMDAwMDAsInVwZGF0ZSI6NzIwMDAwMDAwMDAwMH19",
          "dependencies": [
            "google_service_account.airflow_service_account"
          ]
        }
      ]
    },
    {
      "mode": "managed",
      "type": "google_compute_firewall",
      "name": "airbyte",
      "provider": "provider[\"registry.terraform.io/hashicorp/google\"]",
      "instances": [
        {
          "schema_version": 1,
          "attributes": {
            "allow": [
              {
                "ports": [
                  "8000"
                ],
                "protocol": "tcp"
              }
            ],
            "creation_timestamp": "2022-09-25T17:54:50.811-07:00",
            "deny": [],
            "description": "",
            "destination_ranges": [],
            "direction": "INGRESS",
            "disabled": false,
            "enable_logging": null,
            "id": "projects/gilbert-learning-gcp-113/global/firewalls/airbyte-app-firewall",
            "log_config": [],
            "name": "airbyte-app-firewall",
            "network": "https://www.googleapis.com/compute/v1/projects/gilbert-learning-gcp-113/global/networks/default",
            "priority": 1000,
            "project": "gilbert-learning-gcp-113",
            "self_link": "https://www.googleapis.com/compute/v1/projects/gilbert-learning-gcp-113/global/firewalls/airbyte-app-firewall",
            "source_ranges": [
              "0.0.0.0/0"
            ],
            "source_service_accounts": null,
            "source_tags": null,
            "target_service_accounts": null,
            "target_tags": null,
            "timeouts": null
          },
          "sensitive_attributes": [],
          "private": "eyJlMmJmYjczMC1lY2FhLTExZTYtOGY4OC0zNDM2M2JjN2M0YzAiOnsiY3JlYXRlIjoxMjAwMDAwMDAwMDAwLCJkZWxldGUiOjEyMDAwMDAwMDAwMDAsInVwZGF0ZSI6MTIwMDAwMDAwMDAwMH0sInNjaGVtYV92ZXJzaW9uIjoiMSJ9"
        }
      ]
    },
    {
      "mode": "managed",
      "type": "google_compute_firewall",
      "name": "ssh",
      "provider": "provider[\"registry.terraform.io/hashicorp/google\"]",
      "instances": [
        {
          "schema_version": 1,
          "attributes": {
            "allow": [
              {
                "ports": [
                  "22"
                ],
                "protocol": "tcp"
              }
            ],
            "creation_timestamp": "2022-09-25T17:54:50.762-07:00",
            "deny": [],
            "description": "",
            "destination_ranges": [],
            "direction": "INGRESS",
            "disabled": false,
            "enable_logging": null,
            "id": "projects/gilbert-learning-gcp-113/global/firewalls/allow-ssh",
            "log_config": [],
            "name": "allow-ssh",
            "network": "https://www.googleapis.com/compute/v1/projects/gilbert-learning-gcp-113/global/networks/default",
            "priority": 1000,
            "project": "gilbert-learning-gcp-113",
            "self_link": "https://www.googleapis.com/compute/v1/projects/gilbert-learning-gcp-113/global/firewalls/allow-ssh",
            "source_ranges": [
              "0.0.0.0/0"
            ],
            "source_service_accounts": null,
            "source_tags": null,
            "target_service_accounts": null,
            "target_tags": [
              "ssh"
            ],
            "timeouts": null
          },
          "sensitive_attributes": [],
          "private": "eyJlMmJmYjczMC1lY2FhLTExZTYtOGY4OC0zNDM2M2JjN2M0YzAiOnsiY3JlYXRlIjoxMjAwMDAwMDAwMDAwLCJkZWxldGUiOjEyMDAwMDAwMDAwMDAsInVwZGF0ZSI6MTIwMDAwMDAwMDAwMH0sInNjaGVtYV92ZXJzaW9uIjoiMSJ9"
        }
      ]
    },
    {
      "mode": "managed",
      "type": "google_compute_instance",
      "name": "default",
      "provider": "provider[\"registry.terraform.io/hashicorp/google\"]",
      "instances": [
        {
          "schema_version": 6,
          "attributes": {
            "advanced_machine_features": [],
            "allow_stopping_for_update": null,
            "attached_disk": [],
            "boot_disk": [
              {
                "auto_delete": true,
                "device_name": "persistent-disk-0",
                "disk_encryption_key_raw": "",
                "disk_encryption_key_sha256": "",
                "initialize_params": [
                  {
                    "image": "https://www.googleapis.com/compute/v1/projects/debian-cloud/global/images/debian-10-buster-v20220920",
                    "labels": {},
                    "size": 10,
                    "type": "pd-standard"
                  }
                ],
                "kms_key_self_link": "",
                "mode": "READ_WRITE",
                "source": "https://www.googleapis.com/compute/v1/projects/gilbert-learning-gcp-113/zones/us-central1-a/disks/airbyte-vm"
              }
            ],
            "can_ip_forward": false,
            "confidential_instance_config": [],
            "cpu_platform": "Intel Broadwell",
            "current_status": "RUNNING",
            "deletion_protection": false,
            "description": "",
            "desired_status": null,
            "enable_display": false,
            "guest_accelerator": [],
            "hostname": "",
            "id": "projects/gilbert-learning-gcp-113/zones/us-central1-a/instances/airbyte-vm",
            "instance_id": "8080540070737430196",
            "label_fingerprint": "42WmSpB8rSM=",
            "labels": null,
            "machine_type": "e2-small",
            "metadata": null,
            "metadata_fingerprint": "YAH0Y3fMIio=",
            "metadata_startup_script": "#!/usr/bin/env bash\n\n# install docker\nsudo apt-get update\nsudo apt-get install -y apt-transport-https ca-certificates curl gnupg2 software-properties-common\ncurl -fsSL https://download.docker.com/linux/debian/gpg | sudo apt-key add --\nsudo add-apt-repository \"deb [arch=amd64] https://download.docker.com/linux/debian buster stable\"\nsudo apt-get update\nsudo apt-get install -y docker-ce docker-ce-cli containerd.io\nsudo usermod -a -G docker $USER\n\n# install docker compose\nsudo apt-get -y install wget\nsudo wget https://github.com/docker/compose/releases/download/1.26.2/docker-compose-$(uname -s)-$(uname -m) -O /usr/local/bin/docker-compose\nsudo chmod +x /usr/local/bin/docker-compose\n\n# install airbyte and stand it up\nmkdir airbyte \u0026\u0026 cd airbyte\nwget https://raw.githubusercontent.com/airbytehq/airbyte/master/{.env,docker-compose.yaml}\ndocker-compose up -d\n",
            "min_cpu_platform": "",
            "name": "airbyte-vm",
            "network_interface": [
              {
                "access_config": [
                  {
                    "nat_ip": "34.170.212.72",
                    "network_tier": "PREMIUM",
                    "public_ptr_domain_name": ""
                  }
                ],
                "alias_ip_range": [],
                "ipv6_access_config": [],
                "ipv6_access_type": "",
                "name": "nic0",
                "network": "https://www.googleapis.com/compute/v1/projects/gilbert-learning-gcp-113/global/networks/default",
                "network_ip": "10.128.0.24",
                "nic_type": "",
                "queue_count": 0,
                "stack_type": "IPV4_ONLY",
                "subnetwork": "https://www.googleapis.com/compute/v1/projects/gilbert-learning-gcp-113/regions/us-central1/subnetworks/default",
                "subnetwork_project": "gilbert-learning-gcp-113"
              }
            ],
            "project": "gilbert-learning-gcp-113",
            "reservation_affinity": [],
            "resource_policies": null,
            "scheduling": [
              {
                "automatic_restart": true,
                "instance_termination_action": "",
                "min_node_cpus": 0,
                "node_affinities": [],
                "on_host_maintenance": "MIGRATE",
                "preemptible": false,
                "provisioning_model": "STANDARD"
              }
            ],
            "scratch_disk": [],
            "self_link": "https://www.googleapis.com/compute/v1/projects/gilbert-learning-gcp-113/zones/us-central1-a/instances/airbyte-vm",
            "service_account": [],
            "shielded_instance_config": [
              {
                "enable_integrity_monitoring": true,
                "enable_secure_boot": false,
                "enable_vtpm": true
              }
            ],
            "tags": null,
            "tags_fingerprint": "42WmSpB8rSM=",
            "timeouts": null,
            "zone": "us-central1-a"
          },
          "sensitive_attributes": [],
          "private": "eyJlMmJmYjczMC1lY2FhLTExZTYtOGY4OC0zNDM2M2JjN2M0YzAiOnsiY3JlYXRlIjoxMjAwMDAwMDAwMDAwLCJkZWxldGUiOjEyMDAwMDAwMDAwMDAsInVwZGF0ZSI6MTIwMDAwMDAwMDAwMH0sInNjaGVtYV92ZXJzaW9uIjoiNiJ9"
        }
      ]
    },
    {
      "mode": "managed",
      "type": "google_project_iam_member",
      "name": "airflow_sa_iam",
      "provider": "provider[\"registry.terraform.io/hashicorp/google-beta\"]",
      "instances": []
    },
    {
      "mode": "managed",
      "type": "google_project_service",
      "name": "composer_api",
      "provider": "provider[\"registry.terraform.io/hashicorp/google\"]",
      "instances": [
        {
          "schema_version": 0,
          "attributes": {
            "disable_dependent_services": null,
            "disable_on_destroy": false,
            "id": "gilbert-learning-gcp-113/composer.googleapis.com",
            "project": "gilbert-learning-gcp-113",
            "service": "composer.googleapis.com",
            "timeouts": null
          },
          "sensitive_attributes": [],
          "private": "eyJlMmJmYjczMC1lY2FhLTExZTYtOGY4OC0zNDM2M2JjN2M0YzAiOnsiY3JlYXRlIjoxMjAwMDAwMDAwMDAwLCJkZWxldGUiOjEyMDAwMDAwMDAwMDAsInJlYWQiOjYwMDAwMDAwMDAwMCwidXBkYXRlIjoxMjAwMDAwMDAwMDAwfX0="
        }
      ]
    },
    {
      "mode": "managed",
      "type": "google_project_service",
      "name": "run_api",
      "provider": "provider[\"registry.terraform.io/hashicorp/google\"]",
      "instances": [
        {
          "schema_version": 0,
          "attributes": {
            "disable_dependent_services": null,
            "disable_on_destroy": false,
            "id": "gilbert-learning-gcp-113/run.googleapis.com",
            "project": "gilbert-learning-gcp-113",
            "service": "run.googleapis.com",
            "timeouts": null
          },
          "sensitive_attributes": [],
          "private": "eyJlMmJmYjczMC1lY2FhLTExZTYtOGY4OC0zNDM2M2JjN2M0YzAiOnsiY3JlYXRlIjoxMjAwMDAwMDAwMDAwLCJkZWxldGUiOjEyMDAwMDAwMDAwMDAsInJlYWQiOjYwMDAwMDAwMDAwMCwidXBkYXRlIjoxMjAwMDAwMDAwMDAwfX0="
        }
      ]
    },
    {
      "mode": "managed",
      "type": "google_service_account",
      "name": "airflow_service_account",
      "provider": "provider[\"registry.terraform.io/hashicorp/google-beta\"]",
      "instances": []
    },
    {
      "mode": "managed",
      "type": "google_service_account",
      "name": "connectionhub_account",
      "provider": "provider[\"registry.terraform.io/hashicorp/google\"]",
      "instances": [
        {
          "schema_version": 0,
          "attributes": {
            "account_id": "connection-hub-account",
            "description": "",
            "disabled": false,
            "display_name": "Connection Hub Service Account",
            "email": "connection-hub-account@gilbert-learning-gcp-113.iam.gserviceaccount.com",
            "id": "projects/gilbert-learning-gcp-113/serviceAccounts/connection-hub-account@gilbert-learning-gcp-113.iam.gserviceaccount.com",
            "name": "projects/gilbert-learning-gcp-113/serviceAccounts/connection-hub-account@gilbert-learning-gcp-113.iam.gserviceaccount.com",
            "project": "gilbert-learning-gcp-113",
            "timeouts": null,
            "unique_id": "108395775947978414089"
          },
          "sensitive_attributes": [],
          "private": "eyJlMmJmYjczMC1lY2FhLTExZTYtOGY4OC0zNDM2M2JjN2M0YzAiOnsiY3JlYXRlIjozMDAwMDAwMDAwMDB9fQ=="
        }
      ]
    },
    {
      "mode": "managed",
      "type": "google_service_account_iam_member",
      "name": "airflow_sa_iam",
      "provider": "provider[\"registry.terraform.io/hashicorp/google-beta\"]",
      "instances": []
    },
    {
      "mode": "managed",
      "type": "google_service_account_key",
      "name": "connectionhub_key",
      "provider": "provider[\"registry.terraform.io/hashicorp/google\"]",
      "instances": [
        {
          "schema_version": 0,
          "attributes": {
            "id": "projects/gilbert-learning-gcp-113/serviceAccounts/connection-hub-account@gilbert-learning-gcp-113.iam.gserviceaccount.com/keys/8d413d7870aab54c3c82d4f0c52914142eac7f85",
            "keepers": null,
            "key_algorithm": "KEY_ALG_RSA_2048",
            "name": "projects/gilbert-learning-gcp-113/serviceAccounts/connection-hub-account@gilbert-learning-gcp-113.iam.gserviceaccount.com/keys/8d413d7870aab54c3c82d4f0c52914142eac7f85",
            "private_key": "ewogICJ0eXBlIjogInNlcnZpY2VfYWNjb3VudCIsCiAgInByb2plY3RfaWQiOiAiZ2lsYmVydC1sZWFybmluZy1nY3AtMTEzIiwKICAicHJpdmF0ZV9rZXlfaWQiOiAiOGQ0MTNkNzg3MGFhYjU0YzNjODJkNGYwYzUyOTE0MTQyZWFjN2Y4NSIsCiAgInByaXZhdGVfa2V5IjogIi0tLS0tQkVHSU4gUFJJVkFURSBLRVktLS0tLVxuTUlJRXZ3SUJBREFOQmdrcWhraUc5dzBCQVFFRkFBU0NCS2t3Z2dTbEFnRUFBb0lCQVFEWDBWK0ludjUyZUpiSlxublNGT3R0eWtsMVVYK0F1dUJIdFozUGE1L2pGU0lZSTB4L29SYjFFRGJ3WHN1QTc4WWtXd2NYMmJlYWh0eC9mMVxueVY5QzNkanZ6Q2RHR21RTEVTREVieGlrcy9VR1NlZGpsYUNuWVRmalhHd1ZrV1NHTG0xdjc2bzE1YmVtZ2JUUVxuSHVqTWtMdDc2V2p5M1RYWStSMDMvSmJaYm1MU0Rnb1lxbjVtN0FveHN2ZmxjWUVPNTJOZy85VWhDaW4rb3FmT1xubEZoVEhWaGJCU1BKdGdIRjlnemFtM05CMUlIaXliYTlldEJDaThCSXZhZVBlK1RZMVlKWGE3akg3ZDlnM1d5UlxuSVE4L0ZOWmR5RElHbHpBVmc5SzJjMyt2dHZYMnZ2eWYyQWxXUGczcFBUS3VuQ0xFSmp4R3JaRldUaGR5eWxVdFxuRzRnZXZpcmxBZ01CQUFFQ2dnRUFBbFhjR01hSEFyS00zU3NuK0g5RlR4Q1ZLZFRBek0xOCt0TWRCQzRoVUNKVFxubDlPb09hUzAreEg3UGNnTG83eGNDVEpuM2ZEalRGb0Z5MDRMcVpGMVBNS3BOalExTklEYVhMUTFaTDQxTHNtZlxuTFgvcG4xSlQ0V20zUEhBTHVDWEwxYXdLSkcrSWhZcGNFL3lxK1JPWEluUVU1bDV0VnFrZExqWmR6a0hFRG15NlxuUkpJS0N5bG5WZHp2aWoxNlJrZVBkcVlQUU0yQmdKSUVGdWhkTzhvby8zV3QwZkdDYks3ZEdWVlVzdE8zSUhMcVxuNlMrWVFDWExJa2E1L2VYaUxiUjRYTkZkeENGSktGWEVhaHRuZXkzKzk4Z0daMHh2OXFTRUxuN3BKeE5SV3ZEWlxubm0zL05TbVJLenJqU3ZXd0NGMkZJY1pWQldiS29WcHJYRC9Ma3p6M0dRS0JnUUQ4ZkJXMFMyWG83RWxsR241Q1xuUzBMcCs1QysrbU1lZ3Q1MlhzRzFkV0U1RGlXbWM0ZC9GQ1VCTDlWMXJhQTlCYkZUQlBkNU1iZFpza0ZteTFONlxuMzZJVnN5dDhHRTdQc3l3bytReHhMSmpFNEV4ZHlKSFhrajllb29tblFNYnAxVDhuVndrdDRuc3VYaWlhMzFsdFxuQmZnRUJRNHIyZzMrVnV6WU1TRUFVb2ViSFFLQmdRRGEwcGxlYTlZdkc5QmtHK0dZRXVINXR2Nm5NQThNQ0pQYVxud2Q4MUdtcnBueUxuVkhaZWJsUnl3ZlNjaUhNR0ZaY24yZWJMYVhJdzd1cFRyMGkvZ1dZSWhEakNNSFF6RTdPNVxua2piQ0haK0JXUHF6VVlxRXVNaWtHNDZTbFR4MG1ka0NhSFJESHpTQkJ6SEp0YkxGd0ZDNjlOK2ZQZWVpZ3VCbVxudDUwQkQvdjhhUUtCZ1FESDlJVkQyZ3FGWXN2bGRBdlYrTUN2aVhsaXBlMWx0b0x6LzZzdFNCNk5EdlVtVTR4VlxuU2VEY2hjTnBoTzNJSmYvL0hZblh3MVhQaFdwaVBGaUtrUjFPVGl6OEJFdzJGVkc5eVM3ZldsQkthdEJQM1k0U1xueVZIQ1lycmRhR0dmd2pCWHVZZ2RmS1hOWE9pUGJwN2x4cnBhaEo1cWdEQmc0dnFEWkxVY0NrQTJ5UUtCZ1FDeVxuOW5CbWo2MVJROTh3TUxsVkpZUlpOYmVaUnEzWHVxQXAxa3RWNC9BeWQyc1ZaTGVXVFllVmYxa3VPRTVTV0pBU1xuRUowNEdWcEIrUFArVXlvZExaZ2tPUGN1b25BMllkT29YcE9ZT0ovK0txYUd4NWFSSzRzMDVEQzdZNEJaSUlZaFxuK1FtMDU2MktKVGNyOEFWd3cvT0NvOGpNTk5YZnpFZjQyZ3gzRlBxU21RS0JnUUN5Mlp3RlpQQ3ZTSW9PQk5SeVxuZzBreXF3aGJiakZ3dmNmYS8yUGt4TFlTekNpeWdZanZKTktCWkZobTF1ZTR5KzIyMzJVMjlQaXpBQndrUllFS1xuMk4xU2ttVk9JRlhjWE1vK2hxN29nenI1VDdvU0E5WWdvSHQxcXpyTjdOWkdtNlRNOHFCNTlPNGdXNWFWY0hZd1xucWpVYjJIVURpNTMyM3pzTEsraTJYN0J2Zmc9PVxuLS0tLS1FTkQgUFJJVkFURSBLRVktLS0tLVxuIiwKICAiY2xpZW50X2VtYWlsIjogImNvbm5lY3Rpb24taHViLWFjY291bnRAZ2lsYmVydC1sZWFybmluZy1nY3AtMTEzLmlhbS5nc2VydmljZWFjY291bnQuY29tIiwKICAiY2xpZW50X2lkIjogIjEwODM5NTc3NTk0Nzk3ODQxNDA4OSIsCiAgImF1dGhfdXJpIjogImh0dHBzOi8vYWNjb3VudHMuZ29vZ2xlLmNvbS9vL29hdXRoMi9hdXRoIiwKICAidG9rZW5fdXJpIjogImh0dHBzOi8vb2F1dGgyLmdvb2dsZWFwaXMuY29tL3Rva2VuIiwKICAiYXV0aF9wcm92aWRlcl94NTA5X2NlcnRfdXJsIjogImh0dHBzOi8vd3d3Lmdvb2dsZWFwaXMuY29tL29hdXRoMi92MS9jZXJ0cyIsCiAgImNsaWVudF94NTA5X2NlcnRfdXJsIjogImh0dHBzOi8vd3d3Lmdvb2dsZWFwaXMuY29tL3JvYm90L3YxL21ldGFkYXRhL3g1MDkvY29ubmVjdGlvbi1odWItYWNjb3VudCU0MGdpbGJlcnQtbGVhcm5pbmctZ2NwLTExMy5pYW0uZ3NlcnZpY2VhY2NvdW50LmNvbSIKfQo=",
            "private_key_type": "TYPE_GOOGLE_CREDENTIALS_FILE",
            "public_key": "LS0tLS1CRUdJTiBDRVJUSUZJQ0FURS0tLS0tCk1JSUMvRENDQWVTZ0F3SUJBZ0lJVzMxRU5Ya3BzMUF3RFFZSktvWklodmNOQVFFRkJRQXdJREVlTUJ3R0ExVUUKQXhNVk1UQTRNemsxTnpjMU9UUTNPVGM0TkRFME1EZzVNQ0FYRFRJeU1Ea3lOakF3TlRRMU1Wb1lEems1T1RreApNak14TWpNMU9UVTVXakFnTVI0d0hBWURWUVFERXhVeE1EZ3pPVFUzTnpVNU5EYzVOemcwTVRRd09Ea3dnZ0VpCk1BMEdDU3FHU0liM0RRRUJBUVVBQTRJQkR3QXdnZ0VLQW9JQkFRRFgwVitJbnY1MmVKYkpuU0ZPdHR5a2wxVVgKK0F1dUJIdFozUGE1L2pGU0lZSTB4L29SYjFFRGJ3WHN1QTc4WWtXd2NYMmJlYWh0eC9mMXlWOUMzZGp2ekNkRwpHbVFMRVNERWJ4aWtzL1VHU2VkamxhQ25ZVGZqWEd3VmtXU0dMbTF2NzZvMTViZW1nYlRRSHVqTWtMdDc2V2p5CjNUWFkrUjAzL0piWmJtTFNEZ29ZcW41bTdBb3hzdmZsY1lFTzUyTmcvOVVoQ2luK29xZk9sRmhUSFZoYkJTUEoKdGdIRjlnemFtM05CMUlIaXliYTlldEJDaThCSXZhZVBlK1RZMVlKWGE3akg3ZDlnM1d5UklROC9GTlpkeURJRwpsekFWZzlLMmMzK3Z0dlgydnZ5ZjJBbFdQZzNwUFRLdW5DTEVKanhHclpGV1RoZHl5bFV0RzRnZXZpcmxBZ01CCkFBR2pPREEyTUF3R0ExVWRFd0VCL3dRQ01BQXdEZ1lEVlIwUEFRSC9CQVFEQWdlQU1CWUdBMVVkSlFFQi93UU0KTUFvR0NDc0dBUVVGQndNQ01BMEdDU3FHU0liM0RRRUJCUVVBQTRJQkFRQTN3NjJVeTNCSDJid2NxN2p0K0I5NQpXRkx5bXgrMmdrUXBCZDN0RkloN29jZXRBbm9RRGVURVc4N3dhY1VwYTFBTENKNjZxcGlaaUcwVTZ6eHlaeWoxCi9YQ25icm96bStaSHZ6NnRnbkpTalErT3ZMZ1dUMEg2ZFl5ZXhVYm9IcElRZFpNOXB5NlllUjNXaHBNZXJSbisKNitQSjFqY0xaUWRaUTM2ZHZxeGdFdkljd2dJN040UjJYSE1GcmJmdC9SRit1NzRUU05ueTJsUGQ1TGMzNk1uOApRZUhGMTBNWklsd1I0eWdmTlg5Rkh1N1NFRjNZcHd1VjgwUnh2S0ZYV1cvd0JNV2tJVEN5cGc5Q2YzenJiaUVHCjNlUXVUM3I0dGorUEJtOVVnOEpMRU5JUTFmUTNFRjJOTGdRV0JsbHN3dHI5WlZLQTZ6U2NDem5SRlJ5dVduM0IKLS0tLS1FTkQgQ0VSVElGSUNBVEUtLS0tLQo=",
            "public_key_data": null,
            "public_key_type": "TYPE_X509_PEM_FILE",
            "service_account_id": "projects/gilbert-learning-gcp-113/serviceAccounts/connection-hub-account@gilbert-learning-gcp-113.iam.gserviceaccount.com",
            "valid_after": "2022-09-26T00:54:51Z",
            "valid_before": "9999-12-31T23:59:59Z"
          },
          "sensitive_attributes": [],
          "private": "bnVsbA==",
          "dependencies": [
            "google_service_account.connectionhub_account"
          ]
        }
      ]
    },
    {
      "mode": "managed",
      "type": "google_storage_bucket",
      "name": "default",
      "provider": "provider[\"registry.terraform.io/hashicorp/google\"]",
      "instances": [
        {
          "schema_version": 0,
          "attributes": {
            "cors": [],
            "default_event_based_hold": false,
            "encryption": [],
            "force_destroy": false,
            "id": "69a57c83f168125e-bucket-tfstate",
            "labels": null,
            "lifecycle_rule": [],
            "location": "US",
            "logging": [],
            "name": "69a57c83f168125e-bucket-tfstate",
            "project": "gilbert-learning-gcp-113",
            "requester_pays": false,
            "retention_policy": [],
            "self_link": "https://www.googleapis.com/storage/v1/b/69a57c83f168125e-bucket-tfstate",
            "storage_class": "STANDARD",
            "timeouts": null,
            "uniform_bucket_level_access": false,
            "url": "gs://69a57c83f168125e-bucket-tfstate",
            "versioning": [
              {
                "enabled": true
              }
            ],
            "website": []
          },
          "sensitive_attributes": [],
          "private": "eyJlMmJmYjczMC1lY2FhLTExZTYtOGY4OC0zNDM2M2JjN2M0YzAiOnsiY3JlYXRlIjoyNDAwMDAwMDAwMDAsInJlYWQiOjI0MDAwMDAwMDAwMCwidXBkYXRlIjoyNDAwMDAwMDAwMDB9fQ==",
          "dependencies": [
            "random_id.bucket_prefix"
          ]
        }
      ]
    },
    {
      "mode": "managed",
      "type": "random_id",
      "name": "bucket_prefix",
      "provider": "provider[\"registry.terraform.io/hashicorp/random\"]",
      "instances": [
        {
          "schema_version": 0,
          "attributes": {
            "b64_std": "aaV8g/FoEl4=",
            "b64_url": "aaV8g_FoEl4",
            "byte_length": 8,
            "dec": "7612627651272381022",
            "hex": "69a57c83f168125e",
            "id": "aaV8g_FoEl4",
            "keepers": null,
            "prefix": null
          },
          "sensitive_attributes": []
        }
      ]
    }
  ]
}
